// !$*UTF8*$!
{
	archiveVersion = 1;
	classes = {
	};
	objectVersion = 55;
	objects = {

/* Begin PBXBuildFile section */
		6356EA482792FE03005DC9D0 /* AppDelegate.swift in Sources */ = {isa = PBXBuildFile; fileRef = 6356EA472792FE03005DC9D0 /* AppDelegate.swift */; };
		6356EA4A2792FE03005DC9D0 /* SceneDelegate.swift in Sources */ = {isa = PBXBuildFile; fileRef = 6356EA492792FE03005DC9D0 /* SceneDelegate.swift */; };
		6356EA4C2792FE03005DC9D0 /* ViewController.swift in Sources */ = {isa = PBXBuildFile; fileRef = 6356EA4B2792FE03005DC9D0 /* ViewController.swift */; };
		6356EA4F2792FE03005DC9D0 /* Main.storyboard in Resources */ = {isa = PBXBuildFile; fileRef = 6356EA4D2792FE03005DC9D0 /* Main.storyboard */; };
		6356EA512792FE05005DC9D0 /* Assets.xcassets in Resources */ = {isa = PBXBuildFile; fileRef = 6356EA502792FE05005DC9D0 /* Assets.xcassets */; };
		6356EA542792FE05005DC9D0 /* LaunchScreen.storyboard in Resources */ = {isa = PBXBuildFile; fileRef = 6356EA522792FE05005DC9D0 /* LaunchScreen.storyboard */; };
		6356EA6627930058005DC9D0 /* nssl0049.jpg in Resources */ = {isa = PBXBuildFile; fileRef = 6356EA5C27930058005DC9D0 /* nssl0049.jpg */; };
		6356EA6727930058005DC9D0 /* nssl0046.jpg in Resources */ = {isa = PBXBuildFile; fileRef = 6356EA5D27930058005DC9D0 /* nssl0046.jpg */; };
		6356EA6827930058005DC9D0 /* nssl0091.jpg in Resources */ = {isa = PBXBuildFile; fileRef = 6356EA5E27930058005DC9D0 /* nssl0091.jpg */; };
		6356EA6927930058005DC9D0 /* nssl0045.jpg in Resources */ = {isa = PBXBuildFile; fileRef = 6356EA5F27930058005DC9D0 /* nssl0045.jpg */; };
		6356EA6A27930058005DC9D0 /* nssl0051.jpg in Resources */ = {isa = PBXBuildFile; fileRef = 6356EA6027930058005DC9D0 /* nssl0051.jpg */; };
		6356EA6B27930058005DC9D0 /* nssl0041.jpg in Resources */ = {isa = PBXBuildFile; fileRef = 6356EA6127930058005DC9D0 /* nssl0041.jpg */; };
		6356EA6C27930058005DC9D0 /* nssl0042.jpg in Resources */ = {isa = PBXBuildFile; fileRef = 6356EA6227930058005DC9D0 /* nssl0042.jpg */; };
		6356EA6D27930058005DC9D0 /* nssl0043.jpg in Resources */ = {isa = PBXBuildFile; fileRef = 6356EA6327930058005DC9D0 /* nssl0043.jpg */; };
		6356EA6E27930058005DC9D0 /* nssl0033.jpg in Resources */ = {isa = PBXBuildFile; fileRef = 6356EA6427930058005DC9D0 /* nssl0033.jpg */; };
		6356EA6F27930058005DC9D0 /* nssl0034.jpg in Resources */ = {isa = PBXBuildFile; fileRef = 6356EA6527930058005DC9D0 /* nssl0034.jpg */; };
		63A5990D2798757700F7A23B /* DetailViewController.swift in Sources */ = {isa = PBXBuildFile; fileRef = 63A5990C2798757700F7A23B /* DetailViewController.swift */; };
/* End PBXBuildFile section */

/* Begin PBXFileReference section */
		6356EA442792FE03005DC9D0 /* Project1 - Storm Viewer.app */ = {isa = PBXFileReference; explicitFileType = wrapper.application; includeInIndex = 0; path = "Project1 - Storm Viewer.app"; sourceTree = BUILT_PRODUCTS_DIR; };
		6356EA472792FE03005DC9D0 /* AppDelegate.swift */ = {isa = PBXFileReference; lastKnownFileType = sourcecode.swift; path = AppDelegate.swift; sourceTree = "<group>"; };
		6356EA492792FE03005DC9D0 /* SceneDelegate.swift */ = {isa = PBXFileReference; lastKnownFileType = sourcecode.swift; path = SceneDelegate.swift; sourceTree = "<group>"; };
		6356EA4B2792FE03005DC9D0 /* ViewController.swift */ = {isa = PBXFileReference; lastKnownFileType = sourcecode.swift; path = ViewController.swift; sourceTree = "<group>"; };
		6356EA4E2792FE03005DC9D0 /* Base */ = {isa = PBXFileReference; lastKnownFileType = file.storyboard; name = Base; path = Base.lproj/Main.storyboard; sourceTree = "<group>"; };
		6356EA502792FE05005DC9D0 /* Assets.xcassets */ = {isa = PBXFileReference; lastKnownFileType = folder.assetcatalog; path = Assets.xcassets; sourceTree = "<group>"; };
		6356EA532792FE05005DC9D0 /* Base */ = {isa = PBXFileReference; lastKnownFileType = file.storyboard; name = Base; path = Base.lproj/LaunchScreen.storyboard; sourceTree = "<group>"; };
		6356EA552792FE05005DC9D0 /* Info.plist */ = {isa = PBXFileReference; lastKnownFileType = text.plist.xml; path = Info.plist; sourceTree = "<group>"; };
		6356EA5C27930058005DC9D0 /* nssl0049.jpg */ = {isa = PBXFileReference; lastKnownFileType = image.jpeg; path = nssl0049.jpg; sourceTree = "<group>"; };
		6356EA5D27930058005DC9D0 /* nssl0046.jpg */ = {isa = PBXFileReference; lastKnownFileType = image.jpeg; path = nssl0046.jpg; sourceTree = "<group>"; };
		6356EA5E27930058005DC9D0 /* nssl0091.jpg */ = {isa = PBXFileReference; lastKnownFileType = image.jpeg; path = nssl0091.jpg; sourceTree = "<group>"; };
		6356EA5F27930058005DC9D0 /* nssl0045.jpg */ = {isa = PBXFileReference; lastKnownFileType = image.jpeg; path = nssl0045.jpg; sourceTree = "<group>"; };
		6356EA6027930058005DC9D0 /* nssl0051.jpg */ = {isa = PBXFileReference; lastKnownFileType = image.jpeg; path = nssl0051.jpg; sourceTree = "<group>"; };
		6356EA6127930058005DC9D0 /* nssl0041.jpg */ = {isa = PBXFileReference; lastKnownFileType = image.jpeg; path = nssl0041.jpg; sourceTree = "<group>"; };
		6356EA6227930058005DC9D0 /* nssl0042.jpg */ = {isa = PBXFileReference; lastKnownFileType = image.jpeg; path = nssl0042.jpg; sourceTree = "<group>"; };
		6356EA6327930058005DC9D0 /* nssl0043.jpg */ = {isa = PBXFileReference; lastKnownFileType = image.jpeg; path = nssl0043.jpg; sourceTree = "<group>"; };
		6356EA6427930058005DC9D0 /* nssl0033.jpg */ = {isa = PBXFileReference; lastKnownFileType = image.jpeg; path = nssl0033.jpg; sourceTree = "<group>"; };
		6356EA6527930058005DC9D0 /* nssl0034.jpg */ = {isa = PBXFileReference; lastKnownFileType = image.jpeg; path = nssl0034.jpg; sourceTree = "<group>"; };
		63A5990C2798757700F7A23B /* DetailViewController.swift */ = {isa = PBXFileReference; lastKnownFileType = sourcecode.swift; path = DetailViewController.swift; sourceTree = "<group>"; };
/* End PBXFileReference section */

/* Begin PBXFrameworksBuildPhase section */
		6356EA412792FE03005DC9D0 /* Frameworks */ = {
			isa = PBXFrameworksBuildPhase;
			buildActionMask = 2147483647;
			files = (
			);
			runOnlyForDeploymentPostprocessing = 0;
		};
/* End PBXFrameworksBuildPhase section */

/* Begin PBXGroup section */
		6356EA3B2792FE02005DC9D0 = {
			isa = PBXGroup;
			children = (
				6356EA462792FE03005DC9D0 /* Project1 - Storm Viewer */,
				6356EA452792FE03005DC9D0 /* Products */,
			);
			sourceTree = "<group>";
		};
		6356EA452792FE03005DC9D0 /* Products */ = {
			isa = PBXGroup;
			children = (
				6356EA442792FE03005DC9D0 /* Project1 - Storm Viewer.app */,
			);
			name = Products;
			sourceTree = "<group>";
		};
		6356EA462792FE03005DC9D0 /* Project1 - Storm Viewer */ = {
			isa = PBXGroup;
			children = (
				6356EA472792FE03005DC9D0 /* AppDelegate.swift */,
				6356EA492792FE03005DC9D0 /* SceneDelegate.swift */,
				6356EA4B2792FE03005DC9D0 /* ViewController.swift */,
				63A5990C2798757700F7A23B /* DetailViewController.swift */,
				6356EA4D2792FE03005DC9D0 /* Main.storyboard */,
				6356EA502792FE05005DC9D0 /* Assets.xcassets */,
				6356EA522792FE05005DC9D0 /* LaunchScreen.storyboard */,
				6356EA552792FE05005DC9D0 /* Info.plist */,
				6356EA5B27930058005DC9D0 /* Content */,
			);
			path = "Project1 - Storm Viewer";
			sourceTree = "<group>";
		};
		6356EA5B27930058005DC9D0 /* Content */ = {
			isa = PBXGroup;
			children = (
				6356EA5C27930058005DC9D0 /* nssl0049.jpg */,
				6356EA5D27930058005DC9D0 /* nssl0046.jpg */,
				6356EA5E27930058005DC9D0 /* nssl0091.jpg */,
				6356EA5F27930058005DC9D0 /* nssl0045.jpg */,
				6356EA6027930058005DC9D0 /* nssl0051.jpg */,
				6356EA6127930058005DC9D0 /* nssl0041.jpg */,
				6356EA6227930058005DC9D0 /* nssl0042.jpg */,
				6356EA6327930058005DC9D0 /* nssl0043.jpg */,
				6356EA6427930058005DC9D0 /* nssl0033.jpg */,
				6356EA6527930058005DC9D0 /* nssl0034.jpg */,
			);
			path = Content;
			sourceTree = "<group>";
		};
/* End PBXGroup section */

/* Begin PBXNativeTarget section */
		6356EA432792FE03005DC9D0 /* Project1 - Storm Viewer */ = {
			isa = PBXNativeTarget;
			buildConfigurationList = 6356EA582792FE05005DC9D0 /* Build configuration list for PBXNativeTarget "Project1 - Storm Viewer" */;
			buildPhases = (
				6356EA402792FE03005DC9D0 /* Sources */,
				6356EA412792FE03005DC9D0 /* Frameworks */,
				6356EA422792FE03005DC9D0 /* Resources */,
			);
			buildRules = (
			);
			dependencies = (
			);
			name = "Project1 - Storm Viewer";
			productName = "Project1 - Storm Viewer";
			productReference = 6356EA442792FE03005DC9D0 /* Project1 - Storm Viewer.app */;
			productType = "com.apple.product-type.application";
		};
/* End PBXNativeTarget section */

/* Begin PBXProject section */
		6356EA3C2792FE02005DC9D0 /* Project object */ = {
			isa = PBXProject;
			attributes = {
				BuildIndependentTargetsInParallel = 1;
				LastSwiftUpdateCheck = 1320;
				LastUpgradeCheck = 1320;
				TargetAttributes = {
					6356EA432792FE03005DC9D0 = {
						CreatedOnToolsVersion = 13.2.1;
					};
				};
			};
			buildConfigurationList = 6356EA3F2792FE02005DC9D0 /* Build configuration list for PBXProject "Project1 - Storm Viewer" */;
			compatibilityVersion = "Xcode 13.0";
			developmentRegion = en;
			hasScannedForEncodings = 0;
			knownRegions = (
				en,
				Base,
			);
			mainGroup = 6356EA3B2792FE02005DC9D0;
			productRefGroup = 6356EA452792FE03005DC9D0 /* Products */;
			projectDirPath = "";
			projectRoot = "";
			targets = (
				6356EA432792FE03005DC9D0 /* Project1 - Storm Viewer */,
			);
		};
/* End PBXProject section */

/* Begin PBXResourcesBuildPhase section */
		6356EA422792FE03005DC9D0 /* Resources */ = {
			isa = PBXResourcesBuildPhase;
			buildActionMask = 2147483647;
			files = (
				6356EA6727930058005DC9D0 /* nssl0046.jpg in Resources */,
				6356EA6E27930058005DC9D0 /* nssl0033.jpg in Resources */,
				6356EA6A27930058005DC9D0 /* nssl0051.jpg in Resources */,
				6356EA6827930058005DC9D0 /* nssl0091.jpg in Resources */,
				6356EA6D27930058005DC9D0 /* nssl0043.jpg in Resources */,
				6356EA6F27930058005DC9D0 /* nssl0034.jpg in Resources */,
				6356EA6627930058005DC9D0 /* nssl0049.jpg in Resources */,
				6356EA6B27930058005DC9D0 /* nssl0041.jpg in Resources */,
				6356EA6C27930058005DC9D0 /* nssl0042.jpg in Resources */,
				6356EA542792FE05005DC9D0 /* LaunchScreen.storyboard in Resources */,
				6356EA512792FE05005DC9D0 /* Assets.xcassets in Resources */,
				6356EA6927930058005DC9D0 /* nssl0045.jpg in Resources */,
				6356EA4F2792FE03005DC9D0 /* Main.storyboard in Resources */,
			);
			runOnlyForDeploymentPostprocessing = 0;
		};
/* End PBXResourcesBuildPhase section */

/* Begin PBXSourcesBuildPhase section */
		6356EA402792FE03005DC9D0 /* Sources */ = {
			isa = PBXSourcesBuildPhase;
			buildActionMask = 2147483647;
			files = (
				6356EA4C2792FE03005DC9D0 /* ViewController.swift in Sources */,
				6356EA482792FE03005DC9D0 /* AppDelegate.swift in Sources */,
				6356EA4A2792FE03005DC9D0 /* SceneDelegate.swift in Sources */,
				63A5990D2798757700F7A23B /* DetailViewController.swift in Sources */,
			);
			runOnlyForDeploymentPostprocessing = 0;
		};
/* End PBXSourcesBuildPhase section */

/* Begin PBXVariantGroup section */
		6356EA4D2792FE03005DC9D0 /* Main.storyboard */ = {
			isa = PBXVariantGroup;
			children = (
				6356EA4E2792FE03005DC9D0 /* Base */,
			);
			name = Main.storyboard;
			sourceTree = "<group>";
		};
		6356EA522792FE05005DC9D0 /* LaunchScreen.storyboard */ = {
			isa = PBXVariantGroup;
			children = (
				6356EA532792FE05005DC9D0 /* Base */,
			);
			name = LaunchScreen.storyboard;
			sourceTree = "<group>";
		};
/* End PBXVariantGroup section */

/* Begin XCBuildConfiguration section */
		6356EA562792FE05005DC9D0 /* Debug */ = {
			isa = XCBuildConfiguration;
			buildSettings = {
				ALWAYS_SEARCH_USER_PATHS = NO;
				CLANG_ANALYZER_NONNULL = YES;
				CLANG_ANALYZER_NUMBER_OBJECT_CONVERSION = YES_AGGRESSIVE;
				CLANG_CXX_LANGUAGE_STANDARD = "gnu++17";
				CLANG_CXX_LIBRARY = "libc++";
				CLANG_ENABLE_MODULES = YES;
				CLANG_ENABLE_OBJC_ARC = YES;
				CLANG_ENABLE_OBJC_WEAK = YES;
				CLANG_WARN_BLOCK_CAPTURE_AUTORELEASING = YES;
				CLANG_WARN_BOOL_CONVERSION = YES;
				CLANG_WARN_COMMA = YES;
				CLANG_WARN_CONSTANT_CONVERSION = YES;
				CLANG_WARN_DEPRECATED_OBJC_IMPLEMENTATIONS = YES;
				CLANG_WARN_DIRECT_OBJC_ISA_USAGE = YES_ERROR;
				CLANG_WARN_DOCUMENTATION_COMMENTS = YES;
				CLANG_WARN_EMPTY_BODY = YES;
				CLANG_WARN_ENUM_CONVERSION = YES;
				CLANG_WARN_INFINITE_RECURSION = YES;
				CLANG_WARN_INT_CONVERSION = YES;
				CLANG_WARN_NON_LITERAL_NULL_CONVERSION = YES;
				CLANG_WARN_OBJC_IMPLICIT_RETAIN_SELF = YES;
				CLANG_WARN_OBJC_LITERAL_CONVERSION = YES;
				CLANG_WARN_OBJC_ROOT_CLASS = YES_ERROR;
				CLANG_WARN_QUOTED_INCLUDE_IN_FRAMEWORK_HEADER = YES;
				CLANG_WARN_RANGE_LOOP_ANALYSIS = YES;
				CLANG_WARN_STRICT_PROTOTYPES = YES;
				CLANG_WARN_SUSPICIOUS_MOVE = YES;
				CLANG_WARN_UNGUARDED_AVAILABILITY = YES_AGGRESSIVE;
				CLANG_WARN_UNREACHABLE_CODE = YES;
				CLANG_WARN__DUPLICATE_METHOD_MATCH = YES;
				COPY_PHASE_STRIP = NO;
				DEBUG_INFORMATION_FORMAT = dwarf;
				ENABLE_STRICT_OBJC_MSGSEND = YES;
				ENABLE_TESTABILITY = YES;
				GCC_C_LANGUAGE_STANDARD = gnu11;
				GCC_DYNAMIC_NO_PIC = NO;
				GCC_NO_COMMON_BLOCKS = YES;
				GCC_OPTIMIZATION_LEVEL = 0;
				GCC_PREPROCESSOR_DEFINITIONS = (
					"DEBUG=1",
					"$(inherited)",
				);
				GCC_WARN_64_TO_32_BIT_CONVERSION = YES;
				GCC_WARN_ABOUT_RETURN_TYPE = YES_ERROR;
				GCC_WARN_UNDECLARED_SELECTOR = YES;
				GCC_WARN_UNINITIALIZED_AUTOS = YES_AGGRESSIVE;
				GCC_WARN_UNUSED_FUNCTION = YES;
				GCC_WARN_UNUSED_VARIABLE = YES;
				IPHONEOS_DEPLOYMENT_TARGET = 15.2;
				MTL_ENABLE_DEBUG_INFO = INCLUDE_SOURCE;
				MTL_FAST_MATH = YES;
				ONLY_ACTIVE_ARCH = YES;
				SDKROOT = iphoneos;
				SWIFT_ACTIVE_COMPILATION_CONDITIONS = DEBUG;
				SWIFT_OPTIMIZATION_LEVEL = "-Onone";
			};
			name = Debug;
		};
		6356EA572792FE05005DC9D0 /* Release */ = {
			isa = XCBuildConfiguration;
			buildSettings = {
				ALWAYS_SEARCH_USER_PATHS = NO;
				CLANG_ANALYZER_NONNULL = YES;
				CLANG_ANALYZER_NUMBER_OBJECT_CONVERSION = YES_AGGRESSIVE;
				CLANG_CXX_LANGUAGE_STANDARD = "gnu++17";
				CLANG_CXX_LIBRARY = "libc++";
				CLANG_ENABLE_MODULES = YES;
				CLANG_ENABLE_OBJC_ARC = YES;
				CLANG_ENABLE_OBJC_WEAK = YES;
				CLANG_WARN_BLOCK_CAPTURE_AUTORELEASING = YES;
				CLANG_WARN_BOOL_CONVERSION = YES;
				CLANG_WARN_COMMA = YES;
				CLANG_WARN_CONSTANT_CONVERSION = YES;
				CLANG_WARN_DEPRECATED_OBJC_IMPLEMENTATIONS = YES;
				CLANG_WARN_DIRECT_OBJC_ISA_USAGE = YES_ERROR;
				CLANG_WARN_DOCUMENTATION_COMMENTS = YES;
				CLANG_WARN_EMPTY_BODY = YES;
				CLANG_WARN_ENUM_CONVERSION = YES;
				CLANG_WARN_INFINITE_RECURSION = YES;
				CLANG_WARN_INT_CONVERSION = YES;
				CLANG_WARN_NON_LITERAL_NULL_CONVERSION = YES;
				CLANG_WARN_OBJC_IMPLICIT_RETAIN_SELF = YES;
				CLANG_WARN_OBJC_LITERAL_CONVERSION = YES;
				CLANG_WARN_OBJC_ROOT_CLASS = YES_ERROR;
				CLANG_WARN_QUOTED_INCLUDE_IN_FRAMEWORK_HEADER = YES;
				CLANG_WARN_RANGE_LOOP_ANALYSIS = YES;
				CLANG_WARN_STRICT_PROTOTYPES = YES;
				CLANG_WARN_SUSPICIOUS_MOVE = YES;
				CLANG_WARN_UNGUARDED_AVAILABILITY = YES_AGGRESSIVE;
				CLANG_WARN_UNREACHABLE_CODE = YES;
				CLANG_WARN__DUPLICATE_METHOD_MATCH = YES;
				COPY_PHASE_STRIP = NO;
				DEBUG_INFORMATION_FORMAT = "dwarf-with-dsym";
				ENABLE_NS_ASSERTIONS = NO;
				ENABLE_STRICT_OBJC_MSGSEND = YES;
				GCC_C_LANGUAGE_STANDARD = gnu11;
				GCC_NO_COMMON_BLOCKS = YES;
				GCC_WARN_64_TO_32_BIT_CONVERSION = YES;
				GCC_WARN_ABOUT_RETURN_TYPE = YES_ERROR;
				GCC_WARN_UNDECLARED_SELECTOR = YES;
				GCC_WARN_UNINITIALIZED_AUTOS = YES_AGGRESSIVE;
				GCC_WARN_UNUSED_FUNCTION = YES;
				GCC_WARN_UNUSED_VARIABLE = YES;
				IPHONEOS_DEPLOYMENT_TARGET = 15.2;
				MTL_ENABLE_DEBUG_INFO = NO;
				MTL_FAST_MATH = YES;
				SDKROOT = iphoneos;
				SWIFT_COMPILATION_MODE = wholemodule;
				SWIFT_OPTIMIZATION_LEVEL = "-O";
				VALIDATE_PRODUCT = YES;
			};
			name = Release;
		};
		6356EA592792FE05005DC9D0 /* Debug */ = {
			isa = XCBuildConfiguration;
			buildSettings = {
				ASSETCATALOG_COMPILER_APPICON_NAME = AppIcon;
				ASSETCATALOG_COMPILER_GLOBAL_ACCENT_COLOR_NAME = AccentColor;
				CODE_SIGN_STYLE = Automatic;
				CURRENT_PROJECT_VERSION = 1;
				DEVELOPMENT_TEAM = 6NDNG2QQM2;
				GENERATE_INFOPLIST_FILE = YES;
				INFOPLIST_FILE = "Project1 - Storm Viewer/Info.plist";
				INFOPLIST_KEY_UIApplicationSupportsIndirectInputEvents = YES;
				INFOPLIST_KEY_UILaunchStoryboardName = LaunchScreen;
				INFOPLIST_KEY_UIMainStoryboardFile = Main;
				INFOPLIST_KEY_UISupportedInterfaceOrientations_iPad = "UIInterfaceOrientationPortrait UIInterfaceOrientationPortraitUpsideDown UIInterfaceOrientationLandscapeLeft UIInterfaceOrientationLandscapeRight";
				INFOPLIST_KEY_UISupportedInterfaceOrientations_iPhone = "UIInterfaceOrientationPortrait UIInterfaceOrientationLandscapeLeft UIInterfaceOrientationLandscapeRight";
				LD_RUNPATH_SEARCH_PATHS = (
					"$(inherited)",
					"@executable_path/Frameworks",
				);
				MARKETING_VERSION = 1.0;
				PRODUCT_BUNDLE_IDENTIFIER = "com.example.Project1---Storm-Viewer";
				PRODUCT_NAME = "$(TARGET_NAME)";
				SWIFT_EMIT_LOC_STRINGS = YES;
				SWIFT_VERSION = 5.0;
				TARGETED_DEVICE_FAMILY = "1,2";
			};
			name = Debug;
		};
		6356EA5A2792FE05005DC9D0 /* Release */ = {
			isa = XCBuildConfiguration;
			buildSettings = {
				ASSETCATALOG_COMPILER_APPICON_NAME = AppIcon;
				ASSETCATALOG_COMPILER_GLOBAL_ACCENT_COLOR_NAME = AccentColor;
				CODE_SIGN_STYLE = Automatic;
				CURRENT_PROJECT_VERSION = 1;
				DEVELOPMENT_TEAM = 6NDNG2QQM2;
				GENERATE_INFOPLIST_FILE = YES;
				INFOPLIST_FILE = "Project1 - Storm Viewer/Info.plist";
				INFOPLIST_KEY_UIApplicationSupportsIndirectInputEvents = YES;
				INFOPLIST_KEY_UILaunchStoryboardName = LaunchScreen;
				INFOPLIST_KEY_UIMainStoryboardFile = Main;
				INFOPLIST_KEY_UISupportedInterfaceOrientations_iPad = "UIInterfaceOrientationPortrait UIInterfaceOrientationPortraitUpsideDown UIInterfaceOrientationLandscapeLeft UIInterfaceOrientationLandscapeRight";
				INFOPLIST_KEY_UISupportedInterfaceOrientations_iPhone = "UIInterfaceOrientationPortrait UIInterfaceOrientationLandscapeLeft UIInterfaceOrientationLandscapeRight";
				LD_RUNPATH_SEARCH_PATHS = (
					"$(inherited)",
					"@executable_path/Frameworks",
				);
				MARKETING_VERSION = 1.0;
				PRODUCT_BUNDLE_IDENTIFIER = "com.example.Project1---Storm-Viewer";
				PRODUCT_NAME = "$(TARGET_NAME)";
				SWIFT_EMIT_LOC_STRINGS = YES;
				SWIFT_VERSION = 5.0;
				TARGETED_DEVICE_FAMILY = "1,2";
			};
			name = Release;
		};
/* End XCBuildConfiguration section */

/* Begin XCConfigurationList section */
		6356EA3F2792FE02005DC9D0 /* Build configuration list for PBXProject "Project1 - Storm Viewer" */ = {
			isa = XCConfigurationList;
			buildConfigurations = (
				6356EA562792FE05005DC9D0 /* Debug */,
				6356EA572792FE05005DC9D0 /* Release */,
			);
			defaultConfigurationIsVisible = 0;
			defaultConfigurationName = Release;
		};
		6356EA582792FE05005DC9D0 /* Build configuration list for PBXNativeTarget "Project1 - Storm Viewer" */ = {
			isa = XCConfigurationList;
			buildConfigurations = (
				6356EA592792FE05005DC9D0 /* Debug */,
				6356EA5A2792FE05005DC9D0 /* Release */,
			);
			defaultConfigurationIsVisible = 0;
			defaultConfigurationName = Release;
		};
/* End XCConfigurationList section */
	};
	rootObject = 6356EA3C2792FE02005DC9D0 /* Project object */;
}
